
Microsoft Visual Studio Solution File, Format Version 12.00
# Visual Studio Version 17
VisualStudioVersion = 17.13.35806.99 d17.13
MinimumVisualStudioVersion = 10.0.40219.1
Project("{FAE04EC0-301F-11D3-BF4B-00C04F79EFBC}") = "DesignPatternws", "DesignPatternws\DesignPatternws.csproj", "{ABBC2A03-161C-478B-AE9F-B562F0C9196A}"
EndProject
Global
	GlobalSection(SolutionConfigurationPlatforms) = preSolution
		Debug|Any CPU = Debug|Any CPU
		Release|Any CPU = Release|Any CPU
	EndGlobalSection
	GlobalSection(ProjectConfigurationPlatforms) = postSolution
		{ABBC2A03-161C-478B-AE9F-B562F0C9196A}.Debug|Any CPU.ActiveCfg = Debug|Any CPU
		{ABBC2A03-161C-478B-AE9F-B562F0C9196A}.Debug|Any CPU.Build.0 = Debug|Any CPU
		{ABBC2A03-161C-478B-AE9F-B562F0C9196A}.Release|Any CPU.ActiveCfg = Release|Any CPU
		{ABBC2A03-161C-478B-AE9F-B562F0C9196A}.Release|Any CPU.Build.0 = Release|Any CPU
	EndGlobalSection
	GlobalSection(SolutionProperties) = preSolution
		HideSolutionNode = FALSE
	EndGlobalSection
	GlobalSection(ExtensibilityGlobals) = postSolution
		SolutionGuid = {7F5E018F-EC95-4507-9CD0-0AD579571F63}
	EndGlobalSection
EndGlobal
